
Microsoft Visual Studio Solution File, Format Version 12.00
# Visual Studio Version 16
VisualStudioVersion = 16.0.33027.164
MinimumVisualStudioVersion = 10.0.40219.1
Project("{8BC9CEB8-8B4A-11D0-8D11-00A0C91BC942}") = "VibeTracker", "VibeTracker\VibeTracker.vcxproj", "{3D3E066A-631A-48FC-8205-B8C768789CC0}"
EndProject
Global
	GlobalSection(SolutionConfigurationPlatforms) = preSolution
		Debug|x64 = Debug|x64
		Debug|x86 = Debug|x86
		Release|x64 = Release|x64
		Release|x86 = Release|x86
	EndGlobalSection
	GlobalSection(ProjectConfigurationPlatforms) = postSolution
		{3D3E066A-631A-48FC-8205-B8C768789CC0}.Debug|x64.ActiveCfg = Debug|x64
		{3D3E066A-631A-48FC-8205-B8C768789CC0}.Debug|x64.Build.0 = Debug|x64
		{3D3E066A-631A-48FC-8205-B8C768789CC0}.Debug|x86.ActiveCfg = Debug|Win32
		{3D3E066A-631A-48FC-8205-B8C768789CC0}.Debug|x86.Build.0 = Debug|Win32
		{3D3E066A-631A-48FC-8205-B8C768789CC0}.Release|x64.ActiveCfg = Release|x64
		{3D3E066A-631A-48FC-8205-B8C768789CC0}.Release|x64.Build.0 = Release|x64
		{3D3E066A-631A-48FC-8205-B8C768789CC0}.Release|x86.ActiveCfg = Release|Win32
		{3D3E066A-631A-48FC-8205-B8C768789CC0}.Release|x86.Build.0 = Release|Win32
	EndGlobalSection
	GlobalSection(SolutionProperties) = preSolution
		HideSolutionNode = FALSE
	EndGlobalSection
	GlobalSection(ExtensibilityGlobals) = postSolution
		SolutionGuid = {F99AC32A-1D4E-4483-AFE9-9C2714BBDC80}
	EndGlobalSection
EndGlobal
